
Microsoft Visual Studio Solution File, Format Version 12.00
# Visual Studio Version 17
VisualStudioVersion = 17.1.32421.90
MinimumVisualStudioVersion = 10.0.40219.1
Project("{FAE04EC0-301F-11D3-BF4B-00C04F79EFBC}") = "ASP_Web_Api", "ASP_Web_Api.csproj", "{20504EE1-D0D3-4331-B2E5-413365B005D0}"
EndProject
Global
	GlobalSection(SolutionConfigurationPlatforms) = preSolution
		Debug|Any CPU = Debug|Any CPU
		Release|Any CPU = Release|Any CPU
	EndGlobalSection
	GlobalSection(ProjectConfigurationPlatforms) = postSolution
		{20504EE1-D0D3-4331-B2E5-413365B005D0}.Debug|Any CPU.ActiveCfg = Debug|Any CPU
		{20504EE1-D0D3-4331-B2E5-413365B005D0}.Debug|Any CPU.Build.0 = Debug|Any CPU
		{20504EE1-D0D3-4331-B2E5-413365B005D0}.Release|Any CPU.ActiveCfg = Release|Any CPU
		{20504EE1-D0D3-4331-B2E5-413365B005D0}.Release|Any CPU.Build.0 = Release|Any CPU
	EndGlobalSection
	GlobalSection(SolutionProperties) = preSolution
		HideSolutionNode = FALSE
	EndGlobalSection
	GlobalSection(ExtensibilityGlobals) = postSolution
		SolutionGuid = {ACCEAFF3-7A11-46B8-9B1E-93D01360EA05}
	EndGlobalSection
EndGlobal
